
Microsoft Visual Studio Solution File, Format Version 12.00
# Visual Studio 15
VisualStudioVersion = 15.0.28307.168
MinimumVisualStudioVersion = 10.0.40219.1
Project("{FAE04EC0-301F-11D3-BF4B-00C04F79EFBC}") = "xSystem_Maintenance", "System_Maintenance\xSystem_Maintenance.csproj", "{A301E521-9C48-4FE2-8A3C-5C0BCADDC3C7}"
EndProject
Project("{FAE04EC0-301F-11D3-BF4B-00C04F79EFBC}") = "xAPI.Dao", "xAPI.Dao\xAPI.Dao.csproj", "{ED5B4737-1DED-4006-A97B-59190767D327}"
EndProject
Project("{FAE04EC0-301F-11D3-BF4B-00C04F79EFBC}") = "xAPI.BL", "xAPI.BL\xAPI.BL.csproj", "{47E274FB-F9DF-4D03-834E-64C2A580C3CC}"
EndProject
Project("{FAE04EC0-301F-11D3-BF4B-00C04F79EFBC}") = "xAPI.Entity", "xAPI.Entity\xAPI.Entity.csproj", "{C7EFA88E-8E32-4EA4-BE18-0A379BD524D9}"
EndProject
Project("{FAE04EC0-301F-11D3-BF4B-00C04F79EFBC}") = "xAPI.Library", "xAPI.Library\xAPI.Library.csproj", "{9899AC03-DC79-459F-8A26-663E2FE3DD5F}"
EndProject
Global
	GlobalSection(SolutionConfigurationPlatforms) = preSolution
		Debug|Any CPU = Debug|Any CPU
		Release|Any CPU = Release|Any CPU
	EndGlobalSection
	GlobalSection(ProjectConfigurationPlatforms) = postSolution
		{A301E521-9C48-4FE2-8A3C-5C0BCADDC3C7}.Debug|Any CPU.ActiveCfg = Debug|Any CPU
		{A301E521-9C48-4FE2-8A3C-5C0BCADDC3C7}.Debug|Any CPU.Build.0 = Debug|Any CPU
		{A301E521-9C48-4FE2-8A3C-5C0BCADDC3C7}.Release|Any CPU.ActiveCfg = Release|Any CPU
		{A301E521-9C48-4FE2-8A3C-5C0BCADDC3C7}.Release|Any CPU.Build.0 = Release|Any CPU
		{ED5B4737-1DED-4006-A97B-59190767D327}.Debug|Any CPU.ActiveCfg = Debug|Any CPU
		{ED5B4737-1DED-4006-A97B-59190767D327}.Debug|Any CPU.Build.0 = Debug|Any CPU
		{ED5B4737-1DED-4006-A97B-59190767D327}.Release|Any CPU.ActiveCfg = Release|Any CPU
		{ED5B4737-1DED-4006-A97B-59190767D327}.Release|Any CPU.Build.0 = Release|Any CPU
		{47E274FB-F9DF-4D03-834E-64C2A580C3CC}.Debug|Any CPU.ActiveCfg = Debug|Any CPU
		{47E274FB-F9DF-4D03-834E-64C2A580C3CC}.Debug|Any CPU.Build.0 = Debug|Any CPU
		{47E274FB-F9DF-4D03-834E-64C2A580C3CC}.Release|Any CPU.ActiveCfg = Release|Any CPU
		{47E274FB-F9DF-4D03-834E-64C2A580C3CC}.Release|Any CPU.Build.0 = Release|Any CPU
		{C7EFA88E-8E32-4EA4-BE18-0A379BD524D9}.Debug|Any CPU.ActiveCfg = Debug|Any CPU
		{C7EFA88E-8E32-4EA4-BE18-0A379BD524D9}.Debug|Any CPU.Build.0 = Debug|Any CPU
		{C7EFA88E-8E32-4EA4-BE18-0A379BD524D9}.Release|Any CPU.ActiveCfg = Release|Any CPU
		{C7EFA88E-8E32-4EA4-BE18-0A379BD524D9}.Release|Any CPU.Build.0 = Release|Any CPU
		{9899AC03-DC79-459F-8A26-663E2FE3DD5F}.Debug|Any CPU.ActiveCfg = Debug|Any CPU
		{9899AC03-DC79-459F-8A26-663E2FE3DD5F}.Debug|Any CPU.Build.0 = Debug|Any CPU
		{9899AC03-DC79-459F-8A26-663E2FE3DD5F}.Release|Any CPU.ActiveCfg = Release|Any CPU
		{9899AC03-DC79-459F-8A26-663E2FE3DD5F}.Release|Any CPU.Build.0 = Release|Any CPU
	EndGlobalSection
	GlobalSection(SolutionProperties) = preSolution
		HideSolutionNode = FALSE
	EndGlobalSection
	GlobalSection(ExtensibilityGlobals) = postSolution
		SolutionGuid = {1E31A943-98EF-4B7E-8654-F2136C692826}
	EndGlobalSection
EndGlobal
